
Microsoft Visual Studio Solution File, Format Version 12.00
# Visual Studio Version 16
VisualStudioVersion = 16.0.31005.135
MinimumVisualStudioVersion = 10.0.40219.1
Project("{FAE04EC0-301F-11D3-BF4B-00C04F79EFBC}") = "AssociationRelationshipDemo", "AssociationRelationshipDemo.csproj", "{A15AD155-702D-4959-9173-C27CE6158EEB}"
EndProject
Global
	GlobalSection(SolutionConfigurationPlatforms) = preSolution
		Debug|Any CPU = Debug|Any CPU
		Release|Any CPU = Release|Any CPU
	EndGlobalSection
	GlobalSection(ProjectConfigurationPlatforms) = postSolution
		{A15AD155-702D-4959-9173-C27CE6158EEB}.Debug|Any CPU.ActiveCfg = Debug|Any CPU
		{A15AD155-702D-4959-9173-C27CE6158EEB}.Debug|Any CPU.Build.0 = Debug|Any CPU
		{A15AD155-702D-4959-9173-C27CE6158EEB}.Release|Any CPU.ActiveCfg = Release|Any CPU
		{A15AD155-702D-4959-9173-C27CE6158EEB}.Release|Any CPU.Build.0 = Release|Any CPU
	EndGlobalSection
	GlobalSection(SolutionProperties) = preSolution
		HideSolutionNode = FALSE
	EndGlobalSection
	GlobalSection(ExtensibilityGlobals) = postSolution
		SolutionGuid = {2593CAE1-88E7-48EF-8BFC-CF11B34F5459}
	EndGlobalSection
EndGlobal
