
Microsoft Visual Studio Solution File, Format Version 12.00
# Visual Studio Version 16
VisualStudioVersion = 16.0.31005.135
MinimumVisualStudioVersion = 10.0.40219.1
Project("{FAE04EC0-301F-11D3-BF4B-00C04F79EFBC}") = "UniversityManagementSystem", "UniversityManagementSystem.csproj", "{F0E4480A-6ED3-4064-A3D8-05463F75C24E}"
EndProject
Global
	GlobalSection(SolutionConfigurationPlatforms) = preSolution
		Debug|Any CPU = Debug|Any CPU
		Release|Any CPU = Release|Any CPU
	EndGlobalSection
	GlobalSection(ProjectConfigurationPlatforms) = postSolution
		{F0E4480A-6ED3-4064-A3D8-05463F75C24E}.Debug|Any CPU.ActiveCfg = Debug|Any CPU
		{F0E4480A-6ED3-4064-A3D8-05463F75C24E}.Debug|Any CPU.Build.0 = Debug|Any CPU
		{F0E4480A-6ED3-4064-A3D8-05463F75C24E}.Release|Any CPU.ActiveCfg = Release|Any CPU
		{F0E4480A-6ED3-4064-A3D8-05463F75C24E}.Release|Any CPU.Build.0 = Release|Any CPU
	EndGlobalSection
	GlobalSection(SolutionProperties) = preSolution
		HideSolutionNode = FALSE
	EndGlobalSection
	GlobalSection(ExtensibilityGlobals) = postSolution
		SolutionGuid = {11B0558C-BC95-4090-971C-E239A9C11B0D}
	EndGlobalSection
EndGlobal
