
Microsoft Visual Studio Solution File, Format Version 12.00
# Visual Studio Version 16
VisualStudioVersion = 16.0.31005.135
MinimumVisualStudioVersion = 10.0.40219.1
Project("{FAE04EC0-301F-11D3-BF4B-00C04F79EFBC}") = "ViewStateWebApp", "ViewStateWebApp.csproj", "{B7D8D24F-2E62-4D12-B8D5-E71436FBB7F0}"
EndProject
Global
	GlobalSection(SolutionConfigurationPlatforms) = preSolution
		Debug|Any CPU = Debug|Any CPU
		Release|Any CPU = Release|Any CPU
	EndGlobalSection
	GlobalSection(ProjectConfigurationPlatforms) = postSolution
		{B7D8D24F-2E62-4D12-B8D5-E71436FBB7F0}.Debug|Any CPU.ActiveCfg = Debug|Any CPU
		{B7D8D24F-2E62-4D12-B8D5-E71436FBB7F0}.Debug|Any CPU.Build.0 = Debug|Any CPU
		{B7D8D24F-2E62-4D12-B8D5-E71436FBB7F0}.Release|Any CPU.ActiveCfg = Release|Any CPU
		{B7D8D24F-2E62-4D12-B8D5-E71436FBB7F0}.Release|Any CPU.Build.0 = Release|Any CPU
	EndGlobalSection
	GlobalSection(SolutionProperties) = preSolution
		HideSolutionNode = FALSE
	EndGlobalSection
	GlobalSection(ExtensibilityGlobals) = postSolution
		SolutionGuid = {3869617B-1749-4A9C-9700-8C7877460BBF}
	EndGlobalSection
EndGlobal
